{
  "name": "bff",
  "version": "1.0.0",
  "lockfileVersion": 3,
  "requires": true,
  "packages": {
    "": {
      "name": "bff",
      "version": "1.0.0",
      "license": "ISC",
      "dependencies": {
        "hono": "^3.5.6"
      }
    },
    "node_modules/hono": {
      "version": "3.5.6",
      "resolved": "https://registry.npmjs.org/hono/-/hono-3.5.6.tgz",
      "integrity": "sha512-ycTOpIZJ6yLbjzoE+ojsesC7G7ZXfGSoCIDyvqmzlHc5Mk4Aj48Ed9R5g7gw3v7rOkS81pjcYIvWef/karq1iA==",
      "engines": {
        "node": ">=16.0.0"
      }
    }
  }
}
